
Microsoft Visual Studio Solution File, Format Version 12.00
# Visual Studio Version 16
VisualStudioVersion = 16.0.31424.327
MinimumVisualStudioVersion = 10.0.40219.1
Project("{2150E333-8FDC-42A3-9474-1A3956D46DE8}") = "Src", "Src", "{6568D573-E653-4217-BB9C-CDB2951D6014}"
EndProject
Project("{2150E333-8FDC-42A3-9474-1A3956D46DE8}") = "Tests", "Tests", "{8739C531-C696-48FB-AACE-828784080AC4}"
EndProject
Project("{9A19103F-16F7-4668-BE54-9A1E7A4F7556}") = "ElasticsearchDataAccessorTests", "Tests\DataRetrieverTest\ElasticsearchDataAccessorTests.csproj", "{E553C0EC-013E-4379-ABA5-FF6CCFCF9588}"
EndProject
Project("{9A19103F-16F7-4668-BE54-9A1E7A4F7556}") = "DataProcessor", "Src\DataProcessor\DataProcessor.csproj", "{D1E6803F-035A-4EE5-988C-3FD3804D8C7B}"
EndProject
Project("{9A19103F-16F7-4668-BE54-9A1E7A4F7556}") = "DataRetriever", "Src\DataRetriever\DataRetriever.csproj", "{1CA090AD-D5C6-4F16-A4CE-33ECD7135E6A}"
EndProject
Project("{9A19103F-16F7-4668-BE54-9A1E7A4F7556}") = "Common", "Src\Common\Common.csproj", "{07FA5694-F2A5-49BA-B6A5-41AA84B4672D}"
EndProject
Project("{9A19103F-16F7-4668-BE54-9A1E7A4F7556}") = "ManagementClient", "Src\ManagementClient\ManagementClient.csproj", "{90EF5158-9FD9-4404-9DE1-F4750188526B}"
EndProject
Project("{9A19103F-16F7-4668-BE54-9A1E7A4F7556}") = "ElasticsearchDataAccess", "Src\ElasticsearchDataAccess\ElasticsearchDataAccess.csproj", "{03FCABDD-E79E-4487-8FCB-08F3B47FF6CB}"
EndProject
Global
	GlobalSection(SolutionConfigurationPlatforms) = preSolution
		Debug|Any CPU = Debug|Any CPU
		Release|Any CPU = Release|Any CPU
	EndGlobalSection
	GlobalSection(ProjectConfigurationPlatforms) = postSolution
		{E553C0EC-013E-4379-ABA5-FF6CCFCF9588}.Debug|Any CPU.ActiveCfg = Debug|Any CPU
		{E553C0EC-013E-4379-ABA5-FF6CCFCF9588}.Debug|Any CPU.Build.0 = Debug|Any CPU
		{E553C0EC-013E-4379-ABA5-FF6CCFCF9588}.Release|Any CPU.ActiveCfg = Release|Any CPU
		{E553C0EC-013E-4379-ABA5-FF6CCFCF9588}.Release|Any CPU.Build.0 = Release|Any CPU
		{D1E6803F-035A-4EE5-988C-3FD3804D8C7B}.Debug|Any CPU.ActiveCfg = Debug|Any CPU
		{D1E6803F-035A-4EE5-988C-3FD3804D8C7B}.Debug|Any CPU.Build.0 = Debug|Any CPU
		{D1E6803F-035A-4EE5-988C-3FD3804D8C7B}.Release|Any CPU.ActiveCfg = Release|Any CPU
		{D1E6803F-035A-4EE5-988C-3FD3804D8C7B}.Release|Any CPU.Build.0 = Release|Any CPU
		{1CA090AD-D5C6-4F16-A4CE-33ECD7135E6A}.Debug|Any CPU.ActiveCfg = Debug|Any CPU
		{1CA090AD-D5C6-4F16-A4CE-33ECD7135E6A}.Debug|Any CPU.Build.0 = Debug|Any CPU
		{1CA090AD-D5C6-4F16-A4CE-33ECD7135E6A}.Release|Any CPU.ActiveCfg = Release|Any CPU
		{1CA090AD-D5C6-4F16-A4CE-33ECD7135E6A}.Release|Any CPU.Build.0 = Release|Any CPU
		{07FA5694-F2A5-49BA-B6A5-41AA84B4672D}.Debug|Any CPU.ActiveCfg = Debug|Any CPU
		{07FA5694-F2A5-49BA-B6A5-41AA84B4672D}.Debug|Any CPU.Build.0 = Debug|Any CPU
		{07FA5694-F2A5-49BA-B6A5-41AA84B4672D}.Release|Any CPU.ActiveCfg = Release|Any CPU
		{07FA5694-F2A5-49BA-B6A5-41AA84B4672D}.Release|Any CPU.Build.0 = Release|Any CPU
		{90EF5158-9FD9-4404-9DE1-F4750188526B}.Debug|Any CPU.ActiveCfg = Debug|Any CPU
		{90EF5158-9FD9-4404-9DE1-F4750188526B}.Debug|Any CPU.Build.0 = Debug|Any CPU
		{90EF5158-9FD9-4404-9DE1-F4750188526B}.Release|Any CPU.ActiveCfg = Release|Any CPU
		{90EF5158-9FD9-4404-9DE1-F4750188526B}.Release|Any CPU.Build.0 = Release|Any CPU
		{03FCABDD-E79E-4487-8FCB-08F3B47FF6CB}.Debug|Any CPU.ActiveCfg = Debug|Any CPU
		{03FCABDD-E79E-4487-8FCB-08F3B47FF6CB}.Debug|Any CPU.Build.0 = Debug|Any CPU
		{03FCABDD-E79E-4487-8FCB-08F3B47FF6CB}.Release|Any CPU.ActiveCfg = Release|Any CPU
		{03FCABDD-E79E-4487-8FCB-08F3B47FF6CB}.Release|Any CPU.Build.0 = Release|Any CPU
	EndGlobalSection
	GlobalSection(SolutionProperties) = preSolution
		HideSolutionNode = FALSE
	EndGlobalSection
	GlobalSection(NestedProjects) = preSolution
		{E553C0EC-013E-4379-ABA5-FF6CCFCF9588} = {8739C531-C696-48FB-AACE-828784080AC4}
		{D1E6803F-035A-4EE5-988C-3FD3804D8C7B} = {6568D573-E653-4217-BB9C-CDB2951D6014}
		{1CA090AD-D5C6-4F16-A4CE-33ECD7135E6A} = {6568D573-E653-4217-BB9C-CDB2951D6014}
		{07FA5694-F2A5-49BA-B6A5-41AA84B4672D} = {6568D573-E653-4217-BB9C-CDB2951D6014}
		{90EF5158-9FD9-4404-9DE1-F4750188526B} = {6568D573-E653-4217-BB9C-CDB2951D6014}
		{03FCABDD-E79E-4487-8FCB-08F3B47FF6CB} = {6568D573-E653-4217-BB9C-CDB2951D6014}
	EndGlobalSection
	GlobalSection(ExtensibilityGlobals) = postSolution
		SolutionGuid = {6B7ACCE6-F10B-4415-828A-BCDF956A057B}
	EndGlobalSection
EndGlobal
